// !$*UTF8*$!
{
	archiveVersion = 1;
	classes = {
	};
	objectVersion = 46;
	objects = {

/* Begin PBXBuildFile section */
		6887BD641F1C561F002C945D /* AppDelegate.swift in Sources */ = {isa = PBXBuildFile; fileRef = 6887BD631F1C561F002C945D /* AppDelegate.swift */; };
		6887BD661F1C561F002C945D /* ViewController.swift in Sources */ = {isa = PBXBuildFile; fileRef = 6887BD651F1C561F002C945D /* ViewController.swift */; };
		6887BD691F1C561F002C945D /* Main.storyboard in Resources */ = {isa = PBXBuildFile; fileRef = 6887BD671F1C561F002C945D /* Main.storyboard */; };
		6887BD6B1F1C561F002C945D /* Assets.xcassets in Resources */ = {isa = PBXBuildFile; fileRef = 6887BD6A1F1C561F002C945D /* Assets.xcassets */; };
		6887BD6E1F1C561F002C945D /* LaunchScreen.storyboard in Resources */ = {isa = PBXBuildFile; fileRef = 6887BD6C1F1C561F002C945D /* LaunchScreen.storyboard */; };
		6887BD791F1C561F002C945D /* SwiftFMDBDemoTests.swift in Sources */ = {isa = PBXBuildFile; fileRef = 6887BD781F1C561F002C945D /* SwiftFMDBDemoTests.swift */; };
		6887BD841F1C561F002C945D /* SwiftFMDBDemoUITests.swift in Sources */ = {isa = PBXBuildFile; fileRef = 6887BD831F1C561F002C945D /* SwiftFMDBDemoUITests.swift */; };
		6887BD931F1C5711002C945D /* FMDBManager.swift in Sources */ = {isa = PBXBuildFile; fileRef = 6887BD921F1C5711002C945D /* FMDBManager.swift */; };
		6887BD951F1C65A1002C945D /* FMDBQueueManager.swift in Sources */ = {isa = PBXBuildFile; fileRef = 6887BD941F1C65A1002C945D /* FMDBQueueManager.swift */; };
		6887BD971F1C81FD002C945D /* FMDBModel.swift in Sources */ = {isa = PBXBuildFile; fileRef = 6887BD961F1C81FD002C945D /* FMDBModel.swift */; };
		B5C698EEF4800DF40FF48861 /* Pods_SwiftFMDBDemo.framework in Frameworks */ = {isa = PBXBuildFile; fileRef = 562F6581D9921F0F3F09F8EB /* Pods_SwiftFMDBDemo.framework */; };
/* End PBXBuildFile section */

/* Begin PBXContainerItemProxy section */
		6887BD751F1C561F002C945D /* PBXContainerItemProxy */ = {
			isa = PBXContainerItemProxy;
			containerPortal = 6887BD581F1C561F002C945D /* Project object */;
			proxyType = 1;
			remoteGlobalIDString = 6887BD5F1F1C561F002C945D;
			remoteInfo = SwiftFMDBDemo;
		};
		6887BD801F1C561F002C945D /* PBXContainerItemProxy */ = {
			isa = PBXContainerItemProxy;
			containerPortal = 6887BD581F1C561F002C945D /* Project object */;
			proxyType = 1;
			remoteGlobalIDString = 6887BD5F1F1C561F002C945D;
			remoteInfo = SwiftFMDBDemo;
		};
/* End PBXContainerItemProxy section */

/* Begin PBXFileReference section */
		1DCCC716E8C3519C9BFDA014 /* Pods-SwiftFMDBDemo.release.xcconfig */ = {isa = PBXFileReference; includeInIndex = 1; lastKnownFileType = text.xcconfig; name = "Pods-SwiftFMDBDemo.release.xcconfig"; path = "Pods/Target Support Files/Pods-SwiftFMDBDemo/Pods-SwiftFMDBDemo.release.xcconfig"; sourceTree = "<group>"; };
		562F6581D9921F0F3F09F8EB /* Pods_SwiftFMDBDemo.framework */ = {isa = PBXFileReference; explicitFileType = wrapper.framework; includeInIndex = 0; path = Pods_SwiftFMDBDemo.framework; sourceTree = BUILT_PRODUCTS_DIR; };
		6887BD601F1C561F002C945D /* SwiftFMDBDemo.app */ = {isa = PBXFileReference; explicitFileType = wrapper.application; includeInIndex = 0; path = SwiftFMDBDemo.app; sourceTree = BUILT_PRODUCTS_DIR; };
		6887BD631F1C561F002C945D /* AppDelegate.swift */ = {isa = PBXFileReference; lastKnownFileType = sourcecode.swift; path = AppDelegate.swift; sourceTree = "<group>"; };
		6887BD651F1C561F002C945D /* ViewController.swift */ = {isa = PBXFileReference; lastKnownFileType = sourcecode.swift; path = ViewController.swift; sourceTree = "<group>"; };
		6887BD681F1C561F002C945D /* Base */ = {isa = PBXFileReference; lastKnownFileType = file.storyboard; name = Base; path = Base.lproj/Main.storyboard; sourceTree = "<group>"; };
		6887BD6A1F1C561F002C945D /* Assets.xcassets */ = {isa = PBXFileReference; lastKnownFileType = folder.assetcatalog; path = Assets.xcassets; sourceTree = "<group>"; };
		6887BD6D1F1C561F002C945D /* Base */ = {isa = PBXFileReference; lastKnownFileType = file.storyboard; name = Base; path = Base.lproj/LaunchScreen.storyboard; sourceTree = "<group>"; };
		6887BD6F1F1C561F002C945D /* Info.plist */ = {isa = PBXFileReference; lastKnownFileType = text.plist.xml; path = Info.plist; sourceTree = "<group>"; };
		6887BD741F1C561F002C945D /* SwiftFMDBDemoTests.xctest */ = {isa = PBXFileReference; explicitFileType = wrapper.cfbundle; includeInIndex = 0; path = SwiftFMDBDemoTests.xctest; sourceTree = BUILT_PRODUCTS_DIR; };
		6887BD781F1C561F002C945D /* SwiftFMDBDemoTests.swift */ = {isa = PBXFileReference; lastKnownFileType = sourcecode.swift; path = SwiftFMDBDemoTests.swift; sourceTree = "<group>"; };
		6887BD7A1F1C561F002C945D /* Info.plist */ = {isa = PBXFileReference; lastKnownFileType = text.plist.xml; path = Info.plist; sourceTree = "<group>"; };
		6887BD7F1F1C561F002C945D /* SwiftFMDBDemoUITests.xctest */ = {isa = PBXFileReference; explicitFileType = wrapper.cfbundle; includeInIndex = 0; path = SwiftFMDBDemoUITests.xctest; sourceTree = BUILT_PRODUCTS_DIR; };
		6887BD831F1C561F002C945D /* SwiftFMDBDemoUITests.swift */ = {isa = PBXFileReference; lastKnownFileType = sourcecode.swift; path = SwiftFMDBDemoUITests.swift; sourceTree = "<group>"; };
		6887BD851F1C561F002C945D /* Info.plist */ = {isa = PBXFileReference; lastKnownFileType = text.plist.xml; path = Info.plist; sourceTree = "<group>"; };
		6887BD921F1C5711002C945D /* FMDBManager.swift */ = {isa = PBXFileReference; fileEncoding = 4; lastKnownFileType = sourcecode.swift; path = FMDBManager.swift; sourceTree = "<group>"; };
		6887BD941F1C65A1002C945D /* FMDBQueueManager.swift */ = {isa = PBXFileReference; fileEncoding = 4; lastKnownFileType = sourcecode.swift; path = FMDBQueueManager.swift; sourceTree = "<group>"; };
		6887BD961F1C81FD002C945D /* FMDBModel.swift */ = {isa = PBXFileReference; fileEncoding = 4; lastKnownFileType = sourcecode.swift; path = FMDBModel.swift; sourceTree = "<group>"; };
		C4541D6A1C1991F19FB522DF /* Pods-SwiftFMDBDemo.debug.xcconfig */ = {isa = PBXFileReference; includeInIndex = 1; lastKnownFileType = text.xcconfig; name = "Pods-SwiftFMDBDemo.debug.xcconfig"; path = "Pods/Target Support Files/Pods-SwiftFMDBDemo/Pods-SwiftFMDBDemo.debug.xcconfig"; sourceTree = "<group>"; };
/* End PBXFileReference section */

/* Begin PBXFrameworksBuildPhase section */
		6887BD5D1F1C561F002C945D /* Frameworks */ = {
			isa = PBXFrameworksBuildPhase;
			buildActionMask = 2147483647;
			files = (
				B5C698EEF4800DF40FF48861 /* Pods_SwiftFMDBDemo.framework in Frameworks */,
			);
			runOnlyForDeploymentPostprocessing = 0;
		};
		6887BD711F1C561F002C945D /* Frameworks */ = {
			isa = PBXFrameworksBuildPhase;
			buildActionMask = 2147483647;
			files = (
			);
			runOnlyForDeploymentPostprocessing = 0;
		};
		6887BD7C1F1C561F002C945D /* Frameworks */ = {
			isa = PBXFrameworksBuildPhase;
			buildActionMask = 2147483647;
			files = (
			);
			runOnlyForDeploymentPostprocessing = 0;
		};
/* End PBXFrameworksBuildPhase section */

/* Begin PBXGroup section */
		0546A1B7266B19EC09345611 /* Pods */ = {
			isa = PBXGroup;
			children = (
				C4541D6A1C1991F19FB522DF /* Pods-SwiftFMDBDemo.debug.xcconfig */,
				1DCCC716E8C3519C9BFDA014 /* Pods-SwiftFMDBDemo.release.xcconfig */,
			);
			name = Pods;
			sourceTree = "<group>";
		};
		2FC46954ED3AD57DCDA90894 /* Frameworks */ = {
			isa = PBXGroup;
			children = (
				562F6581D9921F0F3F09F8EB /* Pods_SwiftFMDBDemo.framework */,
			);
			name = Frameworks;
			sourceTree = "<group>";
		};
		6887BD571F1C561F002C945D = {
			isa = PBXGroup;
			children = (
				6887BD621F1C561F002C945D /* SwiftFMDBDemo */,
				6887BD771F1C561F002C945D /* SwiftFMDBDemoTests */,
				6887BD821F1C561F002C945D /* SwiftFMDBDemoUITests */,
				6887BD611F1C561F002C945D /* Products */,
				0546A1B7266B19EC09345611 /* Pods */,
				2FC46954ED3AD57DCDA90894 /* Frameworks */,
			);
			sourceTree = "<group>";
		};
		6887BD611F1C561F002C945D /* Products */ = {
			isa = PBXGroup;
			children = (
				6887BD601F1C561F002C945D /* SwiftFMDBDemo.app */,
				6887BD741F1C561F002C945D /* SwiftFMDBDemoTests.xctest */,
				6887BD7F1F1C561F002C945D /* SwiftFMDBDemoUITests.xctest */,
			);
			name = Products;
			sourceTree = "<group>";
		};
		6887BD621F1C561F002C945D /* SwiftFMDBDemo */ = {
			isa = PBXGroup;
			children = (
				6887BD911F1C56DB002C945D /* FMDBTool */,
				6887BD631F1C561F002C945D /* AppDelegate.swift */,
				6887BD651F1C561F002C945D /* ViewController.swift */,
				6887BD671F1C561F002C945D /* Main.storyboard */,
				6887BD6A1F1C561F002C945D /* Assets.xcassets */,
				6887BD6C1F1C561F002C945D /* LaunchScreen.storyboard */,
				6887BD6F1F1C561F002C945D /* Info.plist */,
			);
			path = SwiftFMDBDemo;
			sourceTree = "<group>";
		};
		6887BD771F1C561F002C945D /* SwiftFMDBDemoTests */ = {
			isa = PBXGroup;
			children = (
				6887BD781F1C561F002C945D /* SwiftFMDBDemoTests.swift */,
				6887BD7A1F1C561F002C945D /* Info.plist */,
			);
			path = SwiftFMDBDemoTests;
			sourceTree = "<group>";
		};
		6887BD821F1C561F002C945D /* SwiftFMDBDemoUITests */ = {
			isa = PBXGroup;
			children = (
				6887BD831F1C561F002C945D /* SwiftFMDBDemoUITests.swift */,
				6887BD851F1C561F002C945D /* Info.plist */,
			);
			path = SwiftFMDBDemoUITests;
			sourceTree = "<group>";
		};
		6887BD911F1C56DB002C945D /* FMDBTool */ = {
			isa = PBXGroup;
			children = (
				6887BD921F1C5711002C945D /* FMDBManager.swift */,
				6887BD941F1C65A1002C945D /* FMDBQueueManager.swift */,
				6887BD961F1C81FD002C945D /* FMDBModel.swift */,
			);
			name = FMDBTool;
			sourceTree = "<group>";
		};
/* End PBXGroup section */

/* Begin PBXNativeTarget section */
		6887BD5F1F1C561F002C945D /* SwiftFMDBDemo */ = {
			isa = PBXNativeTarget;
			buildConfigurationList = 6887BD881F1C561F002C945D /* Build configuration list for PBXNativeTarget "SwiftFMDBDemo" */;
			buildPhases = (
				5FEA52EE69ACAA0CC7BEC22F /* [CP] Check Pods Manifest.lock */,
				6887BD5C1F1C561F002C945D /* Sources */,
				6887BD5D1F1C561F002C945D /* Frameworks */,
				6887BD5E1F1C561F002C945D /* Resources */,
				3DC9BA2CB685A4B931E1CBD2 /* [CP] Embed Pods Frameworks */,
				77F6775C371F678DCCAFE469 /* [CP] Copy Pods Resources */,
			);
			buildRules = (
			);
			dependencies = (
			);
			name = SwiftFMDBDemo;
			productName = SwiftFMDBDemo;
			productReference = 6887BD601F1C561F002C945D /* SwiftFMDBDemo.app */;
			productType = "com.apple.product-type.application";
		};
		6887BD731F1C561F002C945D /* SwiftFMDBDemoTests */ = {
			isa = PBXNativeTarget;
			buildConfigurationList = 6887BD8B1F1C561F002C945D /* Build configuration list for PBXNativeTarget "SwiftFMDBDemoTests" */;
			buildPhases = (
				6887BD701F1C561F002C945D /* Sources */,
				6887BD711F1C561F002C945D /* Frameworks */,
				6887BD721F1C561F002C945D /* Resources */,
			);
			buildRules = (
			);
			dependencies = (
				6887BD761F1C561F002C945D /* PBXTargetDependency */,
			);
			name = SwiftFMDBDemoTests;
			productName = SwiftFMDBDemoTests;
			productReference = 6887BD741F1C561F002C945D /* SwiftFMDBDemoTests.xctest */;
			productType = "com.apple.product-type.bundle.unit-test";
		};
		6887BD7E1F1C561F002C945D /* SwiftFMDBDemoUITests */ = {
			isa = PBXNativeTarget;
			buildConfigurationList = 6887BD8E1F1C561F002C945D /* Build configuration list for PBXNativeTarget "SwiftFMDBDemoUITests" */;
			buildPhases = (
				6887BD7B1F1C561F002C945D /* Sources */,
				6887BD7C1F1C561F002C945D /* Frameworks */,
				6887BD7D1F1C561F002C945D /* Resources */,
			);
			buildRules = (
			);
			dependencies = (
				6887BD811F1C561F002C945D /* PBXTargetDependency */,
			);
			name = SwiftFMDBDemoUITests;
			productName = SwiftFMDBDemoUITests;
			productReference = 6887BD7F1F1C561F002C945D /* SwiftFMDBDemoUITests.xctest */;
			productType = "com.apple.product-type.bundle.ui-testing";
		};
/* End PBXNativeTarget section */

/* Begin PBXProject section */
		6887BD581F1C561F002C945D /* Project object */ = {
			isa = PBXProject;
			attributes = {
				LastSwiftUpdateCheck = 0830;
				LastUpgradeCheck = 0830;
				ORGANIZATIONNAME = "嵇明新";
				TargetAttributes = {
					6887BD5F1F1C561F002C945D = {
						CreatedOnToolsVersion = 8.3.3;
						DevelopmentTeam = MFPZRH5653;
						ProvisioningStyle = Automatic;
					};
					6887BD731F1C561F002C945D = {
						CreatedOnToolsVersion = 8.3.3;
						DevelopmentTeam = MFPZRH5653;
						ProvisioningStyle = Automatic;
						TestTargetID = 6887BD5F1F1C561F002C945D;
					};
					6887BD7E1F1C561F002C945D = {
						CreatedOnToolsVersion = 8.3.3;
						DevelopmentTeam = MFPZRH5653;
						ProvisioningStyle = Automatic;
						TestTargetID = 6887BD5F1F1C561F002C945D;
					};
				};
			};
			buildConfigurationList = 6887BD5B1F1C561F002C945D /* Build configuration list for PBXProject "SwiftFMDBDemo" */;
			compatibilityVersion = "Xcode 3.2";
			developmentRegion = English;
			hasScannedForEncodings = 0;
			knownRegions = (
				en,
				Base,
			);
			mainGroup = 6887BD571F1C561F002C945D;
			productRefGroup = 6887BD611F1C561F002C945D /* Products */;
			projectDirPath = "";
			projectRoot = "";
			targets = (
				6887BD5F1F1C561F002C945D /* SwiftFMDBDemo */,
				6887BD731F1C561F002C945D /* SwiftFMDBDemoTests */,
				6887BD7E1F1C561F002C945D /* SwiftFMDBDemoUITests */,
			);
		};
/* End PBXProject section */

/* Begin PBXResourcesBuildPhase section */
		6887BD5E1F1C561F002C945D /* Resources */ = {
			isa = PBXResourcesBuildPhase;
			buildActionMask = 2147483647;
			files = (
				6887BD6E1F1C561F002C945D /* LaunchScreen.storyboard in Resources */,
				6887BD6B1F1C561F002C945D /* Assets.xcassets in Resources */,
				6887BD691F1C561F002C945D /* Main.storyboard in Resources */,
			);
			runOnlyForDeploymentPostprocessing = 0;
		};
		6887BD721F1C561F002C945D /* Resources */ = {
			isa = PBXResourcesBuildPhase;
			buildActionMask = 2147483647;
			files = (
			);
			runOnlyForDeploymentPostprocessing = 0;
		};
		6887BD7D1F1C561F002C945D /* Resources */ = {
			isa = PBXResourcesBuildPhase;
			buildActionMask = 2147483647;
			files = (
			);
			runOnlyForDeploymentPostprocessing = 0;
		};
/* End PBXResourcesBuildPhase section */

/* Begin PBXShellScriptBuildPhase section */
		3DC9BA2CB685A4B931E1CBD2 /* [CP] Embed Pods Frameworks */ = {
			isa = PBXShellScriptBuildPhase;
			buildActionMask = 2147483647;
			files = (
			);
			inputPaths = (
				"${SRCROOT}/Pods/Target Support Files/Pods-SwiftFMDBDemo/Pods-SwiftFMDBDemo-frameworks.sh",
				"${BUILT_PRODUCTS_DIR}/FMDB/FMDB.framework",
			);
			name = "[CP] Embed Pods Frameworks";
			outputPaths = (
				"${TARGET_BUILD_DIR}/${FRAMEWORKS_FOLDER_PATH}/FMDB.framework",
			);
			runOnlyForDeploymentPostprocessing = 0;
			shellPath = /bin/sh;
			shellScript = "\"${SRCROOT}/Pods/Target Support Files/Pods-SwiftFMDBDemo/Pods-SwiftFMDBDemo-frameworks.sh\"\n";
			showEnvVarsInLog = 0;
		};
		5FEA52EE69ACAA0CC7BEC22F /* [CP] Check Pods Manifest.lock */ = {
			isa = PBXShellScriptBuildPhase;
			buildActionMask = 2147483647;
			files = (
			);
			inputPaths = (
				"${PODS_PODFILE_DIR_PATH}/Podfile.lock",
				"${PODS_ROOT}/Manifest.lock",
			);
			name = "[CP] Check Pods Manifest.lock";
			outputPaths = (
				"$(DERIVED_FILE_DIR)/Pods-SwiftFMDBDemo-checkManifestLockResult.txt",
			);
			runOnlyForDeploymentPostprocessing = 0;
			shellPath = /bin/sh;
			shellScript = "diff \"${PODS_PODFILE_DIR_PATH}/Podfile.lock\" \"${PODS_ROOT}/Manifest.lock\" > /dev/null\nif [ $? != 0 ] ; then\n    # print error to STDERR\n    echo \"error: The sandbox is not in sync with the Podfile.lock. Run 'pod install' or update your CocoaPods installation.\" >&2\n    exit 1\nfi\n# This output is used by Xcode 'outputs' to avoid re-running this script phase.\necho \"SUCCESS\" > \"${SCRIPT_OUTPUT_FILE_0}\"\n";
			showEnvVarsInLog = 0;
		};
		77F6775C371F678DCCAFE469 /* [CP] Copy Pods Resources */ = {
			isa = PBXShellScriptBuildPhase;
			buildActionMask = 2147483647;
			files = (
			);
			inputPaths = (
			);
			name = "[CP] Copy Pods Resources";
			outputPaths = (
			);
			runOnlyForDeploymentPostprocessing = 0;
			shellPath = /bin/sh;
			shellScript = "\"${SRCROOT}/Pods/Target Support Files/Pods-SwiftFMDBDemo/Pods-SwiftFMDBDemo-resources.sh\"\n";
			showEnvVarsInLog = 0;
		};
/* End PBXShellScriptBuildPhase section */

/* Begin PBXSourcesBuildPhase section */
		6887BD5C1F1C561F002C945D /* Sources */ = {
			isa = PBXSourcesBuildPhase;
			buildActionMask = 2147483647;
			files = (
				6887BD661F1C561F002C945D /* ViewController.swift in Sources */,
				6887BD931F1C5711002C945D /* FMDBManager.swift in Sources */,
				6887BD951F1C65A1002C945D /* FMDBQueueManager.swift in Sources */,
				6887BD641F1C561F002C945D /* AppDelegate.swift in Sources */,
				6887BD971F1C81FD002C945D /* FMDBModel.swift in Sources */,
			);
			runOnlyForDeploymentPostprocessing = 0;
		};
		6887BD701F1C561F002C945D /* Sources */ = {
			isa = PBXSourcesBuildPhase;
			buildActionMask = 2147483647;
			files = (
				6887BD791F1C561F002C945D /* SwiftFMDBDemoTests.swift in Sources */,
			);
			runOnlyForDeploymentPostprocessing = 0;
		};
		6887BD7B1F1C561F002C945D /* Sources */ = {
			isa = PBXSourcesBuildPhase;
			buildActionMask = 2147483647;
			files = (
				6887BD841F1C561F002C945D /* SwiftFMDBDemoUITests.swift in Sources */,
			);
			runOnlyForDeploymentPostprocessing = 0;
		};
/* End PBXSourcesBuildPhase section */

/* Begin PBXTargetDependency section */
		6887BD761F1C561F002C945D /* PBXTargetDependency */ = {
			isa = PBXTargetDependency;
			target = 6887BD5F1F1C561F002C945D /* SwiftFMDBDemo */;
			targetProxy = 6887BD751F1C561F002C945D /* PBXContainerItemProxy */;
		};
		6887BD811F1C561F002C945D /* PBXTargetDependency */ = {
			isa = PBXTargetDependency;
			target = 6887BD5F1F1C561F002C945D /* SwiftFMDBDemo */;
			targetProxy = 6887BD801F1C561F002C945D /* PBXContainerItemProxy */;
		};
/* End PBXTargetDependency section */

/* Begin PBXVariantGroup section */
		6887BD671F1C561F002C945D /* Main.storyboard */ = {
			isa = PBXVariantGroup;
			children = (
				6887BD681F1C561F002C945D /* Base */,
			);
			name = Main.storyboard;
			sourceTree = "<group>";
		};
		6887BD6C1F1C561F002C945D /* LaunchScreen.storyboard */ = {
			isa = PBXVariantGroup;
			children = (
				6887BD6D1F1C561F002C945D /* Base */,
			);
			name = LaunchScreen.storyboard;
			sourceTree = "<group>";
		};
/* End PBXVariantGroup section */

/* Begin XCBuildConfiguration section */
		6887BD861F1C561F002C945D /* Debug */ = {
			isa = XCBuildConfiguration;
			buildSettings = {
				ALWAYS_SEARCH_USER_PATHS = NO;
				CLANG_ANALYZER_NONNULL = YES;
				CLANG_ANALYZER_NUMBER_OBJECT_CONVERSION = YES_AGGRESSIVE;
				CLANG_CXX_LANGUAGE_STANDARD = "gnu++0x";
				CLANG_CXX_LIBRARY = "libc++";
				CLANG_ENABLE_MODULES = YES;
				CLANG_ENABLE_OBJC_ARC = YES;
				CLANG_WARN_BOOL_CONVERSION = YES;
				CLANG_WARN_CONSTANT_CONVERSION = YES;
				CLANG_WARN_DIRECT_OBJC_ISA_USAGE = YES_ERROR;
				CLANG_WARN_DOCUMENTATION_COMMENTS = YES;
				CLANG_WARN_EMPTY_BODY = YES;
				CLANG_WARN_ENUM_CONVERSION = YES;
				CLANG_WARN_INFINITE_RECURSION = YES;
				CLANG_WARN_INT_CONVERSION = YES;
				CLANG_WARN_OBJC_ROOT_CLASS = YES_ERROR;
				CLANG_WARN_SUSPICIOUS_MOVE = YES;
				CLANG_WARN_UNREACHABLE_CODE = YES;
				CLANG_WARN__DUPLICATE_METHOD_MATCH = YES;
				"CODE_SIGN_IDENTITY[sdk=iphoneos*]" = "iPhone Developer";
				COPY_PHASE_STRIP = NO;
				DEBUG_INFORMATION_FORMAT = dwarf;
				ENABLE_STRICT_OBJC_MSGSEND = YES;
				ENABLE_TESTABILITY = YES;
				GCC_C_LANGUAGE_STANDARD = gnu99;
				GCC_DYNAMIC_NO_PIC = NO;
				GCC_NO_COMMON_BLOCKS = YES;
				GCC_OPTIMIZATION_LEVEL = 0;
				GCC_PREPROCESSOR_DEFINITIONS = (
					"DEBUG=1",
					"$(inherited)",
				);
				GCC_WARN_64_TO_32_BIT_CONVERSION = YES;
				GCC_WARN_ABOUT_RETURN_TYPE = YES_ERROR;
				GCC_WARN_UNDECLARED_SELECTOR = YES;
				GCC_WARN_UNINITIALIZED_AUTOS = YES_AGGRESSIVE;
				GCC_WARN_UNUSED_FUNCTION = YES;
				GCC_WARN_UNUSED_VARIABLE = YES;
				IPHONEOS_DEPLOYMENT_TARGET = 10.3;
				MTL_ENABLE_DEBUG_INFO = YES;
				ONLY_ACTIVE_ARCH = YES;
				SDKROOT = iphoneos;
				SWIFT_ACTIVE_COMPILATION_CONDITIONS = DEBUG;
				SWIFT_OPTIMIZATION_LEVEL = "-Onone";
				TARGETED_DEVICE_FAMILY = "1,2";
			};
			name = Debug;
		};
		6887BD871F1C561F002C945D /* Release */ = {
			isa = XCBuildConfiguration;
			buildSettings = {
				ALWAYS_SEARCH_USER_PATHS = NO;
				CLANG_ANALYZER_NONNULL = YES;
				CLANG_ANALYZER_NUMBER_OBJECT_CONVERSION = YES_AGGRESSIVE;
				CLANG_CXX_LANGUAGE_STANDARD = "gnu++0x";
				CLANG_CXX_LIBRARY = "libc++";
				CLANG_ENABLE_MODULES = YES;
				CLANG_ENABLE_OBJC_ARC = YES;
				CLANG_WARN_BOOL_CONVERSION = YES;
				CLANG_WARN_CONSTANT_CONVERSION = YES;
				CLANG_WARN_DIRECT_OBJC_ISA_USAGE = YES_ERROR;
				CLANG_WARN_DOCUMENTATION_COMMENTS = YES;
				CLANG_WARN_EMPTY_BODY = YES;
				CLANG_WARN_ENUM_CONVERSION = YES;
				CLANG_WARN_INFINITE_RECURSION = YES;
				CLANG_WARN_INT_CONVERSION = YES;
				CLANG_WARN_OBJC_ROOT_CLASS = YES_ERROR;
				CLANG_WARN_SUSPICIOUS_MOVE = YES;
				CLANG_WARN_UNREACHABLE_CODE = YES;
				CLANG_WARN__DUPLICATE_METHOD_MATCH = YES;
				"CODE_SIGN_IDENTITY[sdk=iphoneos*]" = "iPhone Developer";
				COPY_PHASE_STRIP = NO;
				DEBUG_INFORMATION_FORMAT = "dwarf-with-dsym";
				ENABLE_NS_ASSERTIONS = NO;
				ENABLE_STRICT_OBJC_MSGSEND = YES;
				GCC_C_LANGUAGE_STANDARD = gnu99;
				GCC_NO_COMMON_BLOCKS = YES;
				GCC_WARN_64_TO_32_BIT_CONVERSION = YES;
				GCC_WARN_ABOUT_RETURN_TYPE = YES_ERROR;
				GCC_WARN_UNDECLARED_SELECTOR = YES;
				GCC_WARN_UNINITIALIZED_AUTOS = YES_AGGRESSIVE;
				GCC_WARN_UNUSED_FUNCTION = YES;
				GCC_WARN_UNUSED_VARIABLE = YES;
				IPHONEOS_DEPLOYMENT_TARGET = 10.3;
				MTL_ENABLE_DEBUG_INFO = NO;
				SDKROOT = iphoneos;
				SWIFT_OPTIMIZATION_LEVEL = "-Owholemodule";
				TARGETED_DEVICE_FAMILY = "1,2";
				VALIDATE_PRODUCT = YES;
			};
			name = Release;
		};
		6887BD891F1C561F002C945D /* Debug */ = {
			isa = XCBuildConfiguration;
			baseConfigurationReference = C4541D6A1C1991F19FB522DF /* Pods-SwiftFMDBDemo.debug.xcconfig */;
			buildSettings = {
				ASSETCATALOG_COMPILER_APPICON_NAME = AppIcon;
				DEVELOPMENT_TEAM = MFPZRH5653;
				INFOPLIST_FILE = SwiftFMDBDemo/Info.plist;
				LD_RUNPATH_SEARCH_PATHS = "$(inherited) @executable_path/Frameworks";
				PRODUCT_BUNDLE_IDENTIFIER = com.jmx.SwiftFMDBDemo;
				PRODUCT_NAME = "$(TARGET_NAME)";
				SWIFT_VERSION = 3.0;
			};
			name = Debug;
		};
		6887BD8A1F1C561F002C945D /* Release */ = {
			isa = XCBuildConfiguration;
			baseConfigurationReference = 1DCCC716E8C3519C9BFDA014 /* Pods-SwiftFMDBDemo.release.xcconfig */;
			buildSettings = {
				ASSETCATALOG_COMPILER_APPICON_NAME = AppIcon;
				DEVELOPMENT_TEAM = MFPZRH5653;
				INFOPLIST_FILE = SwiftFMDBDemo/Info.plist;
				LD_RUNPATH_SEARCH_PATHS = "$(inherited) @executable_path/Frameworks";
				PRODUCT_BUNDLE_IDENTIFIER = com.jmx.SwiftFMDBDemo;
				PRODUCT_NAME = "$(TARGET_NAME)";
				SWIFT_VERSION = 3.0;
			};
			name = Release;
		};
		6887BD8C1F1C561F002C945D /* Debug */ = {
			isa = XCBuildConfiguration;
			buildSettings = {
				ALWAYS_EMBED_SWIFT_STANDARD_LIBRARIES = YES;
				BUNDLE_LOADER = "$(TEST_HOST)";
				DEVELOPMENT_TEAM = MFPZRH5653;
				INFOPLIST_FILE = SwiftFMDBDemoTests/Info.plist;
				LD_RUNPATH_SEARCH_PATHS = "$(inherited) @executable_path/Frameworks @loader_path/Frameworks";
				PRODUCT_BUNDLE_IDENTIFIER = com.jmx.SwiftFMDBDemoTests;
				PRODUCT_NAME = "$(TARGET_NAME)";
				SWIFT_VERSION = 3.0;
				TEST_HOST = "$(BUILT_PRODUCTS_DIR)/SwiftFMDBDemo.app/SwiftFMDBDemo";
			};
			name = Debug;
		};
		6887BD8D1F1C561F002C945D /* Release */ = {
			isa = XCBuildConfiguration;
			buildSettings = {
				ALWAYS_EMBED_SWIFT_STANDARD_LIBRARIES = YES;
				BUNDLE_LOADER = "$(TEST_HOST)";
				DEVELOPMENT_TEAM = MFPZRH5653;
				INFOPLIST_FILE = SwiftFMDBDemoTests/Info.plist;
				LD_RUNPATH_SEARCH_PATHS = "$(inherited) @executable_path/Frameworks @loader_path/Frameworks";
				PRODUCT_BUNDLE_IDENTIFIER = com.jmx.SwiftFMDBDemoTests;
				PRODUCT_NAME = "$(TARGET_NAME)";
				SWIFT_VERSION = 3.0;
				TEST_HOST = "$(BUILT_PRODUCTS_DIR)/SwiftFMDBDemo.app/SwiftFMDBDemo";
			};
			name = Release;
		};
		6887BD8F1F1C561F002C945D /* Debug */ = {
			isa = XCBuildConfiguration;
			buildSettings = {
				ALWAYS_EMBED_SWIFT_STANDARD_LIBRARIES = YES;
				DEVELOPMENT_TEAM = MFPZRH5653;
				INFOPLIST_FILE = SwiftFMDBDemoUITests/Info.plist;
				LD_RUNPATH_SEARCH_PATHS = "$(inherited) @executable_path/Frameworks @loader_path/Frameworks";
				PRODUCT_BUNDLE_IDENTIFIER = com.jmx.SwiftFMDBDemoUITests;
				PRODUCT_NAME = "$(TARGET_NAME)";
				SWIFT_VERSION = 3.0;
				TEST_TARGET_NAME = SwiftFMDBDemo;
			};
			name = Debug;
		};
		6887BD901F1C561F002C945D /* Release */ = {
			isa = XCBuildConfiguration;
			buildSettings = {
				ALWAYS_EMBED_SWIFT_STANDARD_LIBRARIES = YES;
				DEVELOPMENT_TEAM = MFPZRH5653;
				INFOPLIST_FILE = SwiftFMDBDemoUITests/Info.plist;
				LD_RUNPATH_SEARCH_PATHS = "$(inherited) @executable_path/Frameworks @loader_path/Frameworks";
				PRODUCT_BUNDLE_IDENTIFIER = com.jmx.SwiftFMDBDemoUITests;
				PRODUCT_NAME = "$(TARGET_NAME)";
				SWIFT_VERSION = 3.0;
				TEST_TARGET_NAME = SwiftFMDBDemo;
			};
			name = Release;
		};
/* End XCBuildConfiguration section */

/* Begin XCConfigurationList section */
		6887BD5B1F1C561F002C945D /* Build configuration list for PBXProject "SwiftFMDBDemo" */ = {
			isa = XCConfigurationList;
			buildConfigurations = (
				6887BD861F1C561F002C945D /* Debug */,
				6887BD871F1C561F002C945D /* Release */,
			);
			defaultConfigurationIsVisible = 0;
			defaultConfigurationName = Release;
		};
		6887BD881F1C561F002C945D /* Build configuration list for PBXNativeTarget "SwiftFMDBDemo" */ = {
			isa = XCConfigurationList;
			buildConfigurations = (
				6887BD891F1C561F002C945D /* Debug */,
				6887BD8A1F1C561F002C945D /* Release */,
			);
			defaultConfigurationIsVisible = 0;
			defaultConfigurationName = Release;
		};
		6887BD8B1F1C561F002C945D /* Build configuration list for PBXNativeTarget "SwiftFMDBDemoTests" */ = {
			isa = XCConfigurationList;
			buildConfigurations = (
				6887BD8C1F1C561F002C945D /* Debug */,
				6887BD8D1F1C561F002C945D /* Release */,
			);
			defaultConfigurationIsVisible = 0;
			defaultConfigurationName = Release;
		};
		6887BD8E1F1C561F002C945D /* Build configuration list for PBXNativeTarget "SwiftFMDBDemoUITests" */ = {
			isa = XCConfigurationList;
			buildConfigurations = (
				6887BD8F1F1C561F002C945D /* Debug */,
				6887BD901F1C561F002C945D /* Release */,
			);
			defaultConfigurationIsVisible = 0;
			defaultConfigurationName = Release;
		};
/* End XCConfigurationList section */
	};
	rootObject = 6887BD581F1C561F002C945D /* Project object */;
}
